// !$*UTF8*$!
{
	archiveVersion = 1;
	classes = {
	};
	objectVersion = 46;
	objects = {

/* Begin PBXBuildFile section */
		F19265521A6F3A5F00053654 /* AppDelegate.swift in Sources */ = {isa = PBXBuildFile; fileRef = F19265511A6F3A5F00053654 /* AppDelegate.swift */; };
		F19265541A6F3A5F00053654 /* ViewController.swift in Sources */ = {isa = PBXBuildFile; fileRef = F19265531A6F3A5F00053654 /* ViewController.swift */; };
		F19265571A6F3A5F00053654 /* Main.storyboard in Resources */ = {isa = PBXBuildFile; fileRef = F19265551A6F3A5F00053654 /* Main.storyboard */; };
		F19265591A6F3A5F00053654 /* Images.xcassets in Resources */ = {isa = PBXBuildFile; fileRef = F19265581A6F3A5F00053654 /* Images.xcassets */; };
		F192655C1A6F3A5F00053654 /* LaunchScreen.xib in Resources */ = {isa = PBXBuildFile; fileRef = F192655A1A6F3A5F00053654 /* LaunchScreen.xib */; };
		F19265681A6F3A5F00053654 /* simpleButtonTests.swift in Sources */ = {isa = PBXBuildFile; fileRef = F19265671A6F3A5F00053654 /* simpleButtonTests.swift */; };
		F19265721A6F3AD200053654 /* ElastiCode.framework in Frameworks */ = {isa = PBXBuildFile; fileRef = F19265711A6F3AD200053654 /* ElastiCode.framework */; };
		F19265741A6F3AED00053654 /* AVFoundation.framework in Frameworks */ = {isa = PBXBuildFile; fileRef = F19265731A6F3AED00053654 /* AVFoundation.framework */; };
		F19265761A6F3AF300053654 /* Security.framework in Frameworks */ = {isa = PBXBuildFile; fileRef = F19265751A6F3AF300053654 /* Security.framework */; };
		F19265781A6F3AFE00053654 /* SystemConfiguration.framework in Frameworks */ = {isa = PBXBuildFile; fileRef = F19265771A6F3AFE00053654 /* SystemConfiguration.framework */; };
/* End PBXBuildFile section */

/* Begin PBXContainerItemProxy section */
		F19265621A6F3A5F00053654 /* PBXContainerItemProxy */ = {
			isa = PBXContainerItemProxy;
			containerPortal = F19265441A6F3A5F00053654 /* Project object */;
			proxyType = 1;
			remoteGlobalIDString = F192654B1A6F3A5F00053654;
			remoteInfo = simpleButton;
		};
/* End PBXContainerItemProxy section */

/* Begin PBXFileReference section */
		F192654C1A6F3A5F00053654 /* simpleButton.app */ = {isa = PBXFileReference; explicitFileType = wrapper.application; includeInIndex = 0; path = simpleButton.app; sourceTree = BUILT_PRODUCTS_DIR; };
		F19265501A6F3A5F00053654 /* Info.plist */ = {isa = PBXFileReference; lastKnownFileType = text.plist.xml; path = Info.plist; sourceTree = "<group>"; };
		F19265511A6F3A5F00053654 /* AppDelegate.swift */ = {isa = PBXFileReference; lastKnownFileType = sourcecode.swift; path = AppDelegate.swift; sourceTree = "<group>"; };
		F19265531A6F3A5F00053654 /* ViewController.swift */ = {isa = PBXFileReference; lastKnownFileType = sourcecode.swift; path = ViewController.swift; sourceTree = "<group>"; };
		F19265561A6F3A5F00053654 /* Base */ = {isa = PBXFileReference; lastKnownFileType = file.storyboard; name = Base; path = Base.lproj/Main.storyboard; sourceTree = "<group>"; };
		F19265581A6F3A5F00053654 /* Images.xcassets */ = {isa = PBXFileReference; lastKnownFileType = folder.assetcatalog; path = Images.xcassets; sourceTree = "<group>"; };
		F192655B1A6F3A5F00053654 /* Base */ = {isa = PBXFileReference; lastKnownFileType = file.xib; name = Base; path = Base.lproj/LaunchScreen.xib; sourceTree = "<group>"; };
		F19265611A6F3A5F00053654 /* simpleButtonTests.xctest */ = {isa = PBXFileReference; explicitFileType = wrapper.cfbundle; includeInIndex = 0; path = simpleButtonTests.xctest; sourceTree = BUILT_PRODUCTS_DIR; };
		F19265661A6F3A5F00053654 /* Info.plist */ = {isa = PBXFileReference; lastKnownFileType = text.plist.xml; path = Info.plist; sourceTree = "<group>"; };
		F19265671A6F3A5F00053654 /* simpleButtonTests.swift */ = {isa = PBXFileReference; lastKnownFileType = sourcecode.swift; path = simpleButtonTests.swift; sourceTree = "<group>"; };
		F19265711A6F3AD200053654 /* ElastiCode.framework */ = {isa = PBXFileReference; lastKnownFileType = wrapper.framework; path = ElastiCode.framework; sourceTree = "<group>"; };
		F19265731A6F3AED00053654 /* AVFoundation.framework */ = {isa = PBXFileReference; lastKnownFileType = wrapper.framework; name = AVFoundation.framework; path = System/Library/Frameworks/AVFoundation.framework; sourceTree = SDKROOT; };
		F19265751A6F3AF300053654 /* Security.framework */ = {isa = PBXFileReference; lastKnownFileType = wrapper.framework; name = Security.framework; path = System/Library/Frameworks/Security.framework; sourceTree = SDKROOT; };
		F19265771A6F3AFE00053654 /* SystemConfiguration.framework */ = {isa = PBXFileReference; lastKnownFileType = wrapper.framework; name = SystemConfiguration.framework; path = System/Library/Frameworks/SystemConfiguration.framework; sourceTree = SDKROOT; };
		F19265791A6F3B3900053654 /* simpleButton-Bridging-Header.h */ = {isa = PBXFileReference; lastKnownFileType = sourcecode.c.h; path = "simpleButton-Bridging-Header.h"; sourceTree = "<group>"; };
/* End PBXFileReference section */

/* Begin PBXFrameworksBuildPhase section */
		F19265491A6F3A5F00053654 /* Frameworks */ = {
			isa = PBXFrameworksBuildPhase;
			buildActionMask = 2147483647;
			files = (
				F19265781A6F3AFE00053654 /* SystemConfiguration.framework in Frameworks */,
				F19265761A6F3AF300053654 /* Security.framework in Frameworks */,
				F19265741A6F3AED00053654 /* AVFoundation.framework in Frameworks */,
				F19265721A6F3AD200053654 /* ElastiCode.framework in Frameworks */,
			);
			runOnlyForDeploymentPostprocessing = 0;
		};
		F192655E1A6F3A5F00053654 /* Frameworks */ = {
			isa = PBXFrameworksBuildPhase;
			buildActionMask = 2147483647;
			files = (
			);
			runOnlyForDeploymentPostprocessing = 0;
		};
/* End PBXFrameworksBuildPhase section */

/* Begin PBXGroup section */
		F19265431A6F3A5F00053654 = {
			isa = PBXGroup;
			children = (
				F19265771A6F3AFE00053654 /* SystemConfiguration.framework */,
				F19265751A6F3AF300053654 /* Security.framework */,
				F19265731A6F3AED00053654 /* AVFoundation.framework */,
				F192654E1A6F3A5F00053654 /* simpleButton */,
				F19265641A6F3A5F00053654 /* simpleButtonTests */,
				F192654D1A6F3A5F00053654 /* Products */,
				F19265711A6F3AD200053654 /* ElastiCode.framework */,
				F19265791A6F3B3900053654 /* simpleButton-Bridging-Header.h */,
			);
			sourceTree = "<group>";
		};
		F192654D1A6F3A5F00053654 /* Products */ = {
			isa = PBXGroup;
			children = (
				F192654C1A6F3A5F00053654 /* simpleButton.app */,
				F19265611A6F3A5F00053654 /* simpleButtonTests.xctest */,
			);
			name = Products;
			sourceTree = "<group>";
		};
		F192654E1A6F3A5F00053654 /* simpleButton */ = {
			isa = PBXGroup;
			children = (
				F19265511A6F3A5F00053654 /* AppDelegate.swift */,
				F19265531A6F3A5F00053654 /* ViewController.swift */,
				F19265551A6F3A5F00053654 /* Main.storyboard */,
				F19265581A6F3A5F00053654 /* Images.xcassets */,
				F192655A1A6F3A5F00053654 /* LaunchScreen.xib */,
				F192654F1A6F3A5F00053654 /* Supporting Files */,
			);
			path = simpleButton;
			sourceTree = "<group>";
		};
		F192654F1A6F3A5F00053654 /* Supporting Files */ = {
			isa = PBXGroup;
			children = (
				F19265501A6F3A5F00053654 /* Info.plist */,
			);
			name = "Supporting Files";
			sourceTree = "<group>";
		};
		F19265641A6F3A5F00053654 /* simpleButtonTests */ = {
			isa = PBXGroup;
			children = (
				F19265671A6F3A5F00053654 /* simpleButtonTests.swift */,
				F19265651A6F3A5F00053654 /* Supporting Files */,
			);
			path = simpleButtonTests;
			sourceTree = "<group>";
		};
		F19265651A6F3A5F00053654 /* Supporting Files */ = {
			isa = PBXGroup;
			children = (
				F19265661A6F3A5F00053654 /* Info.plist */,
			);
			name = "Supporting Files";
			sourceTree = "<group>";
		};
/* End PBXGroup section */

/* Begin PBXNativeTarget section */
		F192654B1A6F3A5F00053654 /* simpleButton */ = {
			isa = PBXNativeTarget;
			buildConfigurationList = F192656B1A6F3A5F00053654 /* Build configuration list for PBXNativeTarget "simpleButton" */;
			buildPhases = (
				F19265481A6F3A5F00053654 /* Sources */,
				F19265491A6F3A5F00053654 /* Frameworks */,
				F192654A1A6F3A5F00053654 /* Resources */,
			);
			buildRules = (
			);
			dependencies = (
			);
			name = simpleButton;
			productName = simpleButton;
			productReference = F192654C1A6F3A5F00053654 /* simpleButton.app */;
			productType = "com.apple.product-type.application";
		};
		F19265601A6F3A5F00053654 /* simpleButtonTests */ = {
			isa = PBXNativeTarget;
			buildConfigurationList = F192656E1A6F3A5F00053654 /* Build configuration list for PBXNativeTarget "simpleButtonTests" */;
			buildPhases = (
				F192655D1A6F3A5F00053654 /* Sources */,
				F192655E1A6F3A5F00053654 /* Frameworks */,
				F192655F1A6F3A5F00053654 /* Resources */,
			);
			buildRules = (
			);
			dependencies = (
				F19265631A6F3A5F00053654 /* PBXTargetDependency */,
			);
			name = simpleButtonTests;
			productName = simpleButtonTests;
			productReference = F19265611A6F3A5F00053654 /* simpleButtonTests.xctest */;
			productType = "com.apple.product-type.bundle.unit-test";
		};
/* End PBXNativeTarget section */

/* Begin PBXProject section */
		F19265441A6F3A5F00053654 /* Project object */ = {
			isa = PBXProject;
			attributes = {
				LastUpgradeCheck = 0610;
				ORGANIZATIONNAME = elasticode;
				TargetAttributes = {
					F192654B1A6F3A5F00053654 = {
						CreatedOnToolsVersion = 6.1.1;
					};
					F19265601A6F3A5F00053654 = {
						CreatedOnToolsVersion = 6.1.1;
						TestTargetID = F192654B1A6F3A5F00053654;
					};
				};
			};
			buildConfigurationList = F19265471A6F3A5F00053654 /* Build configuration list for PBXProject "simpleButton" */;
			compatibilityVersion = "Xcode 3.2";
			developmentRegion = English;
			hasScannedForEncodings = 0;
			knownRegions = (
				en,
				Base,
			);
			mainGroup = F19265431A6F3A5F00053654;
			productRefGroup = F192654D1A6F3A5F00053654 /* Products */;
			projectDirPath = "";
			projectRoot = "";
			targets = (
				F192654B1A6F3A5F00053654 /* simpleButton */,
				F19265601A6F3A5F00053654 /* simpleButtonTests */,
			);
		};
/* End PBXProject section */

/* Begin PBXResourcesBuildPhase section */
		F192654A1A6F3A5F00053654 /* Resources */ = {
			isa = PBXResourcesBuildPhase;
			buildActionMask = 2147483647;
			files = (
				F19265571A6F3A5F00053654 /* Main.storyboard in Resources */,
				F192655C1A6F3A5F00053654 /* LaunchScreen.xib in Resources */,
				F19265591A6F3A5F00053654 /* Images.xcassets in Resources */,
			);
			runOnlyForDeploymentPostprocessing = 0;
		};
		F192655F1A6F3A5F00053654 /* Resources */ = {
			isa = PBXResourcesBuildPhase;
			buildActionMask = 2147483647;
			files = (
			);
			runOnlyForDeploymentPostprocessing = 0;
		};
/* End PBXResourcesBuildPhase section */

/* Begin PBXSourcesBuildPhase section */
		F19265481A6F3A5F00053654 /* Sources */ = {
			isa = PBXSourcesBuildPhase;
			buildActionMask = 2147483647;
			files = (
				F19265541A6F3A5F00053654 /* ViewController.swift in Sources */,
				F19265521A6F3A5F00053654 /* AppDelegate.swift in Sources */,
			);
			runOnlyForDeploymentPostprocessing = 0;
		};
		F192655D1A6F3A5F00053654 /* Sources */ = {
			isa = PBXSourcesBuildPhase;
			buildActionMask = 2147483647;
			files = (
				F19265681A6F3A5F00053654 /* simpleButtonTests.swift in Sources */,
			);
			runOnlyForDeploymentPostprocessing = 0;
		};
/* End PBXSourcesBuildPhase section */

/* Begin PBXTargetDependency section */
		F19265631A6F3A5F00053654 /* PBXTargetDependency */ = {
			isa = PBXTargetDependency;
			target = F192654B1A6F3A5F00053654 /* simpleButton */;
			targetProxy = F19265621A6F3A5F00053654 /* PBXContainerItemProxy */;
		};
/* End PBXTargetDependency section */

/* Begin PBXVariantGroup section */
		F19265551A6F3A5F00053654 /* Main.storyboard */ = {
			isa = PBXVariantGroup;
			children = (
				F19265561A6F3A5F00053654 /* Base */,
			);
			name = Main.storyboard;
			sourceTree = "<group>";
		};
		F192655A1A6F3A5F00053654 /* LaunchScreen.xib */ = {
			isa = PBXVariantGroup;
			children = (
				F192655B1A6F3A5F00053654 /* Base */,
			);
			name = LaunchScreen.xib;
			sourceTree = "<group>";
		};
/* End PBXVariantGroup section */

/* Begin XCBuildConfiguration section */
		F19265691A6F3A5F00053654 /* Debug */ = {
			isa = XCBuildConfiguration;
			buildSettings = {
				ALWAYS_SEARCH_USER_PATHS = NO;
				CLANG_CXX_LANGUAGE_STANDARD = "gnu++0x";
				CLANG_CXX_LIBRARY = "libc++";
				CLANG_ENABLE_MODULES = YES;
				CLANG_ENABLE_OBJC_ARC = YES;
				CLANG_WARN_BOOL_CONVERSION = YES;
				CLANG_WARN_CONSTANT_CONVERSION = YES;
				CLANG_WARN_DIRECT_OBJC_ISA_USAGE = YES_ERROR;
				CLANG_WARN_EMPTY_BODY = YES;
				CLANG_WARN_ENUM_CONVERSION = YES;
				CLANG_WARN_INT_CONVERSION = YES;
				CLANG_WARN_OBJC_ROOT_CLASS = YES_ERROR;
				CLANG_WARN_UNREACHABLE_CODE = YES;
				CLANG_WARN__DUPLICATE_METHOD_MATCH = YES;
				"CODE_SIGN_IDENTITY[sdk=iphoneos*]" = "iPhone Developer";
				COPY_PHASE_STRIP = NO;
				ENABLE_STRICT_OBJC_MSGSEND = YES;
				GCC_C_LANGUAGE_STANDARD = gnu99;
				GCC_DYNAMIC_NO_PIC = NO;
				GCC_OPTIMIZATION_LEVEL = 0;
				GCC_PREPROCESSOR_DEFINITIONS = (
					"DEBUG=1",
					"$(inherited)",
				);
				GCC_SYMBOLS_PRIVATE_EXTERN = NO;
				GCC_WARN_64_TO_32_BIT_CONVERSION = YES;
				GCC_WARN_ABOUT_RETURN_TYPE = YES_ERROR;
				GCC_WARN_UNDECLARED_SELECTOR = YES;
				GCC_WARN_UNINITIALIZED_AUTOS = YES_AGGRESSIVE;
				GCC_WARN_UNUSED_FUNCTION = YES;
				GCC_WARN_UNUSED_VARIABLE = YES;
				IPHONEOS_DEPLOYMENT_TARGET = 8.1;
				MTL_ENABLE_DEBUG_INFO = YES;
				ONLY_ACTIVE_ARCH = YES;
				SDKROOT = iphoneos;
				SWIFT_OPTIMIZATION_LEVEL = "-Onone";
			};
			name = Debug;
		};
		F192656A1A6F3A5F00053654 /* Release */ = {
			isa = XCBuildConfiguration;
			buildSettings = {
				ALWAYS_SEARCH_USER_PATHS = NO;
				CLANG_CXX_LANGUAGE_STANDARD = "gnu++0x";
				CLANG_CXX_LIBRARY = "libc++";
				CLANG_ENABLE_MODULES = YES;
				CLANG_ENABLE_OBJC_ARC = YES;
				CLANG_WARN_BOOL_CONVERSION = YES;
				CLANG_WARN_CONSTANT_CONVERSION = YES;
				CLANG_WARN_DIRECT_OBJC_ISA_USAGE = YES_ERROR;
				CLANG_WARN_EMPTY_BODY = YES;
				CLANG_WARN_ENUM_CONVERSION = YES;
				CLANG_WARN_INT_CONVERSION = YES;
				CLANG_WARN_OBJC_ROOT_CLASS = YES_ERROR;
				CLANG_WARN_UNREACHABLE_CODE = YES;
				CLANG_WARN__DUPLICATE_METHOD_MATCH = YES;
				"CODE_SIGN_IDENTITY[sdk=iphoneos*]" = "iPhone Developer";
				COPY_PHASE_STRIP = YES;
				ENABLE_NS_ASSERTIONS = NO;
				ENABLE_STRICT_OBJC_MSGSEND = YES;
				GCC_C_LANGUAGE_STANDARD = gnu99;
				GCC_WARN_64_TO_32_BIT_CONVERSION = YES;
				GCC_WARN_ABOUT_RETURN_TYPE = YES_ERROR;
				GCC_WARN_UNDECLARED_SELECTOR = YES;
				GCC_WARN_UNINITIALIZED_AUTOS = YES_AGGRESSIVE;
				GCC_WARN_UNUSED_FUNCTION = YES;
				GCC_WARN_UNUSED_VARIABLE = YES;
				IPHONEOS_DEPLOYMENT_TARGET = 8.1;
				MTL_ENABLE_DEBUG_INFO = NO;
				SDKROOT = iphoneos;
				VALIDATE_PRODUCT = YES;
			};
			name = Release;
		};
		F192656C1A6F3A5F00053654 /* Debug */ = {
			isa = XCBuildConfiguration;
			buildSettings = {
				ASSETCATALOG_COMPILER_APPICON_NAME = AppIcon;
				CLANG_ENABLE_MODULES = YES;
				FRAMEWORK_SEARCH_PATHS = (
					"$(inherited)",
					"$(PROJECT_DIR)",
				);
				INFOPLIST_FILE = simpleButton/Info.plist;
				IPHONEOS_DEPLOYMENT_TARGET = 7.0;
				LD_RUNPATH_SEARCH_PATHS = "$(inherited) @executable_path/Frameworks";
				PRODUCT_NAME = "$(TARGET_NAME)";
				SWIFT_OBJC_BRIDGING_HEADER = "simpleButton-Bridging-Header.h";
				SWIFT_OPTIMIZATION_LEVEL = "-Onone";
				TARGETED_DEVICE_FAMILY = 1;
			};
			name = Debug;
		};
		F192656D1A6F3A5F00053654 /* Release */ = {
			isa = XCBuildConfiguration;
			buildSettings = {
				ASSETCATALOG_COMPILER_APPICON_NAME = AppIcon;
				CLANG_ENABLE_MODULES = YES;
				FRAMEWORK_SEARCH_PATHS = (
					"$(inherited)",
					"$(PROJECT_DIR)",
				);
				INFOPLIST_FILE = simpleButton/Info.plist;
				IPHONEOS_DEPLOYMENT_TARGET = 7.0;
				LD_RUNPATH_SEARCH_PATHS = "$(inherited) @executable_path/Frameworks";
				PRODUCT_NAME = "$(TARGET_NAME)";
				SWIFT_OBJC_BRIDGING_HEADER = "simpleButton-Bridging-Header.h";
				TARGETED_DEVICE_FAMILY = 1;
			};
			name = Release;
		};
		F192656F1A6F3A5F00053654 /* Debug */ = {
			isa = XCBuildConfiguration;
			buildSettings = {
				BUNDLE_LOADER = "$(TEST_HOST)";
				FRAMEWORK_SEARCH_PATHS = (
					"$(SDKROOT)/Developer/Library/Frameworks",
					"$(inherited)",
				);
				GCC_PREPROCESSOR_DEFINITIONS = (
					"DEBUG=1",
					"$(inherited)",
				);
				INFOPLIST_FILE = simpleButtonTests/Info.plist;
				LD_RUNPATH_SEARCH_PATHS = "$(inherited) @executable_path/Frameworks @loader_path/Frameworks";
				PRODUCT_NAME = "$(TARGET_NAME)";
				TEST_HOST = "$(BUILT_PRODUCTS_DIR)/simpleButton.app/simpleButton";
			};
			name = Debug;
		};
		F19265701A6F3A5F00053654 /* Release */ = {
			isa = XCBuildConfiguration;
			buildSettings = {
				BUNDLE_LOADER = "$(TEST_HOST)";
				FRAMEWORK_SEARCH_PATHS = (
					"$(SDKROOT)/Developer/Library/Frameworks",
					"$(inherited)",
				);
				INFOPLIST_FILE = simpleButtonTests/Info.plist;
				LD_RUNPATH_SEARCH_PATHS = "$(inherited) @executable_path/Frameworks @loader_path/Frameworks";
				PRODUCT_NAME = "$(TARGET_NAME)";
				TEST_HOST = "$(BUILT_PRODUCTS_DIR)/simpleButton.app/simpleButton";
			};
			name = Release;
		};
/* End XCBuildConfiguration section */

/* Begin XCConfigurationList section */
		F19265471A6F3A5F00053654 /* Build configuration list for PBXProject "simpleButton" */ = {
			isa = XCConfigurationList;
			buildConfigurations = (
				F19265691A6F3A5F00053654 /* Debug */,
				F192656A1A6F3A5F00053654 /* Release */,
			);
			defaultConfigurationIsVisible = 0;
			defaultConfigurationName = Release;
		};
		F192656B1A6F3A5F00053654 /* Build configuration list for PBXNativeTarget "simpleButton" */ = {
			isa = XCConfigurationList;
			buildConfigurations = (
				F192656C1A6F3A5F00053654 /* Debug */,
				F192656D1A6F3A5F00053654 /* Release */,
			);
			defaultConfigurationIsVisible = 0;
		};
		F192656E1A6F3A5F00053654 /* Build configuration list for PBXNativeTarget "simpleButtonTests" */ = {
			isa = XCConfigurationList;
			buildConfigurations = (
				F192656F1A6F3A5F00053654 /* Debug */,
				F19265701A6F3A5F00053654 /* Release */,
			);
			defaultConfigurationIsVisible = 0;
		};
/* End XCConfigurationList section */
	};
	rootObject = F19265441A6F3A5F00053654 /* Project object */;
}
